using System;

namespace IT
{
    class Program
    {
        static void Task1()
        {
            Console.Write("Enter hours:");
            int a = Convert.ToInt32(Console.ReadLine());
            Console.WriteLine("minutes:" + a*60);
        }
        static void Task2()
        {
            Console.Write("Enter a:");
            
            float a = Convert.ToInt32(Console.ReadLine());
            Console.Write("Enter b:");
            float b = Convert.ToInt32(Console.ReadLine());
            Console.Write("Result:");
            Console.WriteLine(5*a+b*b/b-a);
        }
        static void Task3()
        {
            Console.Write("Enter a:");
            string a = Convert.ToString(Console.ReadLine());
            Console.Write("Enter b:");
            string b = Convert.ToString(Console.ReadLine());
            string c=a;
            a = b;
            b = c;
            Console.WriteLine(a);
            Console.WriteLine(b);
        }
        static void Task4()
        {
            Console.Write("Enter a:");
            float a = Convert.ToInt32(Console.ReadLine());
            Console.Write("Enter b:");
            float b = Convert.ToInt32(Console.ReadLine());
            Console.Write("Division:");
            Console.WriteLine(a/b);
            Console.Write("Reminder of division:");
            Console.WriteLine(a%b);
        }
        static void Task5()
        {
            Console.WriteLine("Enter a,b,c");
            int a = Convert.ToInt32(Console.ReadLine());
            int b = Convert.ToInt32(Console.ReadLine());
            int c = Convert.ToInt32(Console.ReadLine());

            Console.Write("Result:");
            Console.WriteLine(c-b/a);
        }
        static void Task6()
        {
            Console.WriteLine("Enter y1,y2,x1,x2");
            int y1 = Convert.ToInt32(Console.ReadLine());
            int y2= Convert.ToInt32(Console.ReadLine());
            int x1 = Convert.ToInt32(Console.ReadLine());
            int x2 = Convert.ToInt32(Console.ReadLine());
            Console.WriteLine("y=ax+b");
            Console.WriteLine(y2 - y1 / x1 - x2);
            Console.WriteLine(x2*y1-x1*y2/x1-x2);
            
        }
        static void Main(string[] args)
        {
            Task6();
        }
    }
}
